
Microsoft Visual Studio Solution File, Format Version 12.00
# Visual Studio Version 16
VisualStudioVersion = 16.0.29209.62
MinimumVisualStudioVersion = 10.0.40219.1
Project("{FAE04EC0-301F-11D3-BF4B-00C04F79EFBC}") = "WebAppFSIS", "WebAppFSIS\WebAppFSIS.csproj", "{917AA2FA-5299-40DC-ADBA-F24484A134BF}"
EndProject
Project("{FAE04EC0-301F-11D3-BF4B-00C04F79EFBC}") = "FSISSystem", "FSISSystem\FSISSystem.csproj", "{94A8ADDE-5689-4329-BECE-CE5565964F71}"
EndProject
Global
	GlobalSection(SolutionConfigurationPlatforms) = preSolution
		Debug|Any CPU = Debug|Any CPU
		Release|Any CPU = Release|Any CPU
	EndGlobalSection
	GlobalSection(ProjectConfigurationPlatforms) = postSolution
		{917AA2FA-5299-40DC-ADBA-F24484A134BF}.Debug|Any CPU.ActiveCfg = Debug|Any CPU
		{917AA2FA-5299-40DC-ADBA-F24484A134BF}.Debug|Any CPU.Build.0 = Debug|Any CPU
		{917AA2FA-5299-40DC-ADBA-F24484A134BF}.Release|Any CPU.ActiveCfg = Release|Any CPU
		{917AA2FA-5299-40DC-ADBA-F24484A134BF}.Release|Any CPU.Build.0 = Release|Any CPU
		{94A8ADDE-5689-4329-BECE-CE5565964F71}.Debug|Any CPU.ActiveCfg = Debug|Any CPU
		{94A8ADDE-5689-4329-BECE-CE5565964F71}.Debug|Any CPU.Build.0 = Debug|Any CPU
		{94A8ADDE-5689-4329-BECE-CE5565964F71}.Release|Any CPU.ActiveCfg = Release|Any CPU
		{94A8ADDE-5689-4329-BECE-CE5565964F71}.Release|Any CPU.Build.0 = Release|Any CPU
	EndGlobalSection
	GlobalSection(SolutionProperties) = preSolution
		HideSolutionNode = FALSE
	EndGlobalSection
	GlobalSection(ExtensibilityGlobals) = postSolution
		SolutionGuid = {C123A9D1-B26B-496D-B56C-94E77F126E5B}
	EndGlobalSection
EndGlobal
